
Microsoft Visual Studio Solution File, Format Version 12.00
# Visual Studio Version 17
VisualStudioVersion = 17.4.33205.214
MinimumVisualStudioVersion = 10.0.40219.1
Project("{9A19103F-16F7-4668-BE54-9A1E7A4F7556}") = "BusinessObject", "BusinessObject\BusinessObject.csproj", "{FFB39529-DC93-410A-AAD8-4033C5FE6042}"
EndProject
Project("{9A19103F-16F7-4668-BE54-9A1E7A4F7556}") = "DataAccess", "DataAccess\DataAccess.csproj", "{BF0C8448-C165-4BEF-AAB5-E422913138A7}"
EndProject
Project("{9A19103F-16F7-4668-BE54-9A1E7A4F7556}") = "eBookStoreAPI", "eBookStoreAPI\eBookStoreAPI.csproj", "{946F5E71-04E2-4261-B258-F08ADD8319B2}"
EndProject
Project("{9A19103F-16F7-4668-BE54-9A1E7A4F7556}") = "Mapper", "Mapper\Mapper.csproj", "{C6F000F3-A6AA-46EE-93FE-ABDD079D092E}"
EndProject
Project("{9A19103F-16F7-4668-BE54-9A1E7A4F7556}") = "eBookStoreApp", "eBookStoreApp\eBookStoreApp.csproj", "{84606E71-CA97-4CDE-AC45-A808E4AADE45}"
EndProject
Global
	GlobalSection(SolutionConfigurationPlatforms) = preSolution
		Debug|Any CPU = Debug|Any CPU
		Release|Any CPU = Release|Any CPU
	EndGlobalSection
	GlobalSection(ProjectConfigurationPlatforms) = postSolution
		{FFB39529-DC93-410A-AAD8-4033C5FE6042}.Debug|Any CPU.ActiveCfg = Debug|Any CPU
		{FFB39529-DC93-410A-AAD8-4033C5FE6042}.Debug|Any CPU.Build.0 = Debug|Any CPU
		{FFB39529-DC93-410A-AAD8-4033C5FE6042}.Release|Any CPU.ActiveCfg = Release|Any CPU
		{FFB39529-DC93-410A-AAD8-4033C5FE6042}.Release|Any CPU.Build.0 = Release|Any CPU
		{BF0C8448-C165-4BEF-AAB5-E422913138A7}.Debug|Any CPU.ActiveCfg = Debug|Any CPU
		{BF0C8448-C165-4BEF-AAB5-E422913138A7}.Debug|Any CPU.Build.0 = Debug|Any CPU
		{BF0C8448-C165-4BEF-AAB5-E422913138A7}.Release|Any CPU.ActiveCfg = Release|Any CPU
		{BF0C8448-C165-4BEF-AAB5-E422913138A7}.Release|Any CPU.Build.0 = Release|Any CPU
		{946F5E71-04E2-4261-B258-F08ADD8319B2}.Debug|Any CPU.ActiveCfg = Debug|Any CPU
		{946F5E71-04E2-4261-B258-F08ADD8319B2}.Debug|Any CPU.Build.0 = Debug|Any CPU
		{946F5E71-04E2-4261-B258-F08ADD8319B2}.Release|Any CPU.ActiveCfg = Release|Any CPU
		{946F5E71-04E2-4261-B258-F08ADD8319B2}.Release|Any CPU.Build.0 = Release|Any CPU
		{C6F000F3-A6AA-46EE-93FE-ABDD079D092E}.Debug|Any CPU.ActiveCfg = Debug|Any CPU
		{C6F000F3-A6AA-46EE-93FE-ABDD079D092E}.Debug|Any CPU.Build.0 = Debug|Any CPU
		{C6F000F3-A6AA-46EE-93FE-ABDD079D092E}.Release|Any CPU.ActiveCfg = Release|Any CPU
		{C6F000F3-A6AA-46EE-93FE-ABDD079D092E}.Release|Any CPU.Build.0 = Release|Any CPU
		{84606E71-CA97-4CDE-AC45-A808E4AADE45}.Debug|Any CPU.ActiveCfg = Debug|Any CPU
		{84606E71-CA97-4CDE-AC45-A808E4AADE45}.Debug|Any CPU.Build.0 = Debug|Any CPU
		{84606E71-CA97-4CDE-AC45-A808E4AADE45}.Release|Any CPU.ActiveCfg = Release|Any CPU
		{84606E71-CA97-4CDE-AC45-A808E4AADE45}.Release|Any CPU.Build.0 = Release|Any CPU
	EndGlobalSection
	GlobalSection(SolutionProperties) = preSolution
		HideSolutionNode = FALSE
	EndGlobalSection
	GlobalSection(ExtensibilityGlobals) = postSolution
		SolutionGuid = {7C2B2D8C-BD21-4829-92C2-F4C598240C00}
	EndGlobalSection
EndGlobal
